
Microsoft Visual Studio Solution File, Format Version 12.00
# Visual Studio Version 16
VisualStudioVersion = 16.0.30011.22
MinimumVisualStudioVersion = 10.0.40219.1
Project("{FAE04EC0-301F-11D3-BF4B-00C04F79EFBC}") = "BouncingBall", "BouncingBall.csproj", "{07BB7047-054A-41E7-9344-39708DE7EBD8}"
EndProject
Global
	GlobalSection(SolutionConfigurationPlatforms) = preSolution
		Debug|Any CPU = Debug|Any CPU
		Release|Any CPU = Release|Any CPU
	EndGlobalSection
	GlobalSection(ProjectConfigurationPlatforms) = postSolution
		{07BB7047-054A-41E7-9344-39708DE7EBD8}.Debug|Any CPU.ActiveCfg = Debug|Any CPU
		{07BB7047-054A-41E7-9344-39708DE7EBD8}.Debug|Any CPU.Build.0 = Debug|Any CPU
		{07BB7047-054A-41E7-9344-39708DE7EBD8}.Release|Any CPU.ActiveCfg = Release|Any CPU
		{07BB7047-054A-41E7-9344-39708DE7EBD8}.Release|Any CPU.Build.0 = Release|Any CPU
	EndGlobalSection
	GlobalSection(SolutionProperties) = preSolution
		HideSolutionNode = FALSE
	EndGlobalSection
	GlobalSection(ExtensibilityGlobals) = postSolution
		SolutionGuid = {6E137C50-30BC-4963-AEF8-D4EA82DFCF27}
	EndGlobalSection
EndGlobal
